
Microsoft Visual Studio Solution File, Format Version 12.00
# Visual Studio Version 17
VisualStudioVersion = 17.11.35222.181
MinimumVisualStudioVersion = 10.0.40219.1
Project("{FAE04EC0-301F-11D3-BF4B-00C04F79EFBC}") = "MVCProject", "MVCProject.csproj", "{04CD62A5-64E6-4C30-A6C0-8694232ED007}"
EndProject
Global
	GlobalSection(SolutionConfigurationPlatforms) = preSolution
		Debug|Any CPU = Debug|Any CPU
		Release|Any CPU = Release|Any CPU
	EndGlobalSection
	GlobalSection(ProjectConfigurationPlatforms) = postSolution
		{04CD62A5-64E6-4C30-A6C0-8694232ED007}.Debug|Any CPU.ActiveCfg = Debug|Any CPU
		{04CD62A5-64E6-4C30-A6C0-8694232ED007}.Debug|Any CPU.Build.0 = Debug|Any CPU
		{04CD62A5-64E6-4C30-A6C0-8694232ED007}.Release|Any CPU.ActiveCfg = Release|Any CPU
		{04CD62A5-64E6-4C30-A6C0-8694232ED007}.Release|Any CPU.Build.0 = Release|Any CPU
	EndGlobalSection
	GlobalSection(SolutionProperties) = preSolution
		HideSolutionNode = FALSE
	EndGlobalSection
	GlobalSection(ExtensibilityGlobals) = postSolution
		SolutionGuid = {0026F5BE-4D5C-4BD5-9E8A-2630F1625F4B}
	EndGlobalSection
EndGlobal
